
Microsoft Visual Studio Solution File, Format Version 12.00
# Visual Studio Version 16
VisualStudioVersion = 16.0.29613.14
MinimumVisualStudioVersion = 10.0.40219.1
Project("{9A19103F-16F7-4668-BE54-9A1E7A4F7556}") = "Class work", "Class work\Class work.csproj", "{DFE0F4CB-3496-4B1B-911F-6D2DAFF5144E}"
EndProject
Project("{9A19103F-16F7-4668-BE54-9A1E7A4F7556}") = "TypeValueHW", "HomeWorkOne\TypeValueHW.csproj", "{6C3AE63F-018C-49F8-ABF0-85ABD00E43F5}"
EndProject
Project("{9A19103F-16F7-4668-BE54-9A1E7A4F7556}") = "Class Work 06.03", "Class Work 2\Class Work 06.03.csproj", "{E382F3BE-64C7-4517-9013-D9496508C68E}"
EndProject
Project("{9A19103F-16F7-4668-BE54-9A1E7A4F7556}") = "CodeWars", "Testing\CodeWars.csproj", "{BB4038F3-82D4-4E11-8722-D1C9D0E0455D}"
EndProject
Project("{9A19103F-16F7-4668-BE54-9A1E7A4F7556}") = "RecurseHW", "HomeWorkTwo\RecurseHW.csproj", "{E2CD5A7D-3043-4D84-B833-69E858910798}"
EndProject
Project("{9A19103F-16F7-4668-BE54-9A1E7A4F7556}") = "LinkedList", "LinkedList\LinkedList.csproj", "{56091863-D0C0-4635-81B9-193A30DDAF23}"
EndProject
Project("{9A19103F-16F7-4668-BE54-9A1E7A4F7556}") = "LinkedListString", "LinkedListString\LinkedListString.csproj", "{007F2A0C-B4A9-44DF-9E4A-4DD18B9B3471}"
EndProject
Project("{9A19103F-16F7-4668-BE54-9A1E7A4F7556}") = "RecurseLinkedList", "RecurseLinkedList\RecurseLinkedList.csproj", "{B7B0CA96-CF04-4C6B-9589-CA71D54FC84A}"
EndProject
Project("{9A19103F-16F7-4668-BE54-9A1E7A4F7556}") = "RecurseDoubleLinkedList", "RecurseDoubleLinkedList\RecurseDoubleLinkedList.csproj", "{84252004-284B-4CC5-9E3F-BC78B38C64C4}"
EndProject
Project("{2150E333-8FDC-42A3-9474-1A3956D46DE8}") = "Solution Items", "Solution Items", "{6E717C8B-368E-444A-A282-E5056DD929E4}"
EndProject
Project("{9A19103F-16F7-4668-BE54-9A1E7A4F7556}") = "TreeNode", "TreeNode\TreeNode.csproj", "{2CAC7CD2-38AE-4349-A7E5-B33D2D082FFE}"
EndProject
Project("{9A19103F-16F7-4668-BE54-9A1E7A4F7556}") = "DTree", "DTree\DTree.csproj", "{B6E9C687-8E88-4CCB-AF53-0B9BBB22FFA5}"
EndProject
Project("{2150E333-8FDC-42A3-9474-1A3956D46DE8}") = "University", "University", "{E957E878-F7A6-4284-B9EB-D81CF7A2FD97}"
EndProject
Project("{9A19103F-16F7-4668-BE54-9A1E7A4F7556}") = "Test", "Test\Test.csproj", "{FAEF3926-B94C-4168-830E-C8C67E47F327}"
EndProject
Project("{9A19103F-16F7-4668-BE54-9A1E7A4F7556}") = "graph", "graph\graph.csproj", "{354F4A61-7CA1-4299-ABE9-B8135A82E2A1}"
EndProject
Project("{9A19103F-16F7-4668-BE54-9A1E7A4F7556}") = "Hash", "Hash\Hash.csproj", "{0B73A2CA-9170-4CD4-90B6-1CE99B5754C1}"
EndProject
Project("{9A19103F-16F7-4668-BE54-9A1E7A4F7556}") = "HashTable", "HashTable\HashTable.csproj", "{D12F7297-8A96-4ACC-B68C-D9FD4F4B20DC}"
EndProject
Project("{9A19103F-16F7-4668-BE54-9A1E7A4F7556}") = "Node", "Node\Node.csproj", "{8F33A7BC-2CCC-4982-8920-5339AEF46E88}"
EndProject
Project("{9A19103F-16F7-4668-BE54-9A1E7A4F7556}") = "WorkwithInterface", "WorkwithInterface\WorkwithInterface.csproj", "{91B418C2-0645-4437-B9B3-7127DF255CFB}"
EndProject
Project("{9A19103F-16F7-4668-BE54-9A1E7A4F7556}") = "MyLib", "MyLib\MyLib.csproj", "{F36B99EA-AF52-4192-9E26-7673EEF4C821}"
EndProject
Project("{2150E333-8FDC-42A3-9474-1A3956D46DE8}") = "My Libaries", "My Libaries", "{C613E358-8A38-4F17-A4A5-CFCBEEC73B7D}"
EndProject
Project("{9A19103F-16F7-4668-BE54-9A1E7A4F7556}") = "Generic", "Generic\Generic.csproj", "{3BD1FFCF-C68A-4180-BF93-165956597419}"
EndProject
Project("{FAE04EC0-301F-11D3-BF4B-00C04F79EFBC}") = "Polymorphism", "Polymorphism\Polymorphism.csproj", "{1BE65607-204A-4130-B4F5-211DD735A700}"
EndProject
Global
	GlobalSection(SolutionConfigurationPlatforms) = preSolution
		Debug|Any CPU = Debug|Any CPU
		Release|Any CPU = Release|Any CPU
	EndGlobalSection
	GlobalSection(ProjectConfigurationPlatforms) = postSolution
		{DFE0F4CB-3496-4B1B-911F-6D2DAFF5144E}.Debug|Any CPU.ActiveCfg = Debug|Any CPU
		{DFE0F4CB-3496-4B1B-911F-6D2DAFF5144E}.Debug|Any CPU.Build.0 = Debug|Any CPU
		{DFE0F4CB-3496-4B1B-911F-6D2DAFF5144E}.Release|Any CPU.ActiveCfg = Release|Any CPU
		{DFE0F4CB-3496-4B1B-911F-6D2DAFF5144E}.Release|Any CPU.Build.0 = Release|Any CPU
		{6C3AE63F-018C-49F8-ABF0-85ABD00E43F5}.Debug|Any CPU.ActiveCfg = Debug|Any CPU
		{6C3AE63F-018C-49F8-ABF0-85ABD00E43F5}.Debug|Any CPU.Build.0 = Debug|Any CPU
		{6C3AE63F-018C-49F8-ABF0-85ABD00E43F5}.Release|Any CPU.ActiveCfg = Release|Any CPU
		{6C3AE63F-018C-49F8-ABF0-85ABD00E43F5}.Release|Any CPU.Build.0 = Release|Any CPU
		{E382F3BE-64C7-4517-9013-D9496508C68E}.Debug|Any CPU.ActiveCfg = Debug|Any CPU
		{E382F3BE-64C7-4517-9013-D9496508C68E}.Debug|Any CPU.Build.0 = Debug|Any CPU
		{E382F3BE-64C7-4517-9013-D9496508C68E}.Release|Any CPU.ActiveCfg = Release|Any CPU
		{E382F3BE-64C7-4517-9013-D9496508C68E}.Release|Any CPU.Build.0 = Release|Any CPU
		{BB4038F3-82D4-4E11-8722-D1C9D0E0455D}.Debug|Any CPU.ActiveCfg = Debug|Any CPU
		{BB4038F3-82D4-4E11-8722-D1C9D0E0455D}.Debug|Any CPU.Build.0 = Debug|Any CPU
		{BB4038F3-82D4-4E11-8722-D1C9D0E0455D}.Release|Any CPU.ActiveCfg = Release|Any CPU
		{BB4038F3-82D4-4E11-8722-D1C9D0E0455D}.Release|Any CPU.Build.0 = Release|Any CPU
		{E2CD5A7D-3043-4D84-B833-69E858910798}.Debug|Any CPU.ActiveCfg = Debug|Any CPU
		{E2CD5A7D-3043-4D84-B833-69E858910798}.Debug|Any CPU.Build.0 = Debug|Any CPU
		{E2CD5A7D-3043-4D84-B833-69E858910798}.Release|Any CPU.ActiveCfg = Release|Any CPU
		{E2CD5A7D-3043-4D84-B833-69E858910798}.Release|Any CPU.Build.0 = Release|Any CPU
		{56091863-D0C0-4635-81B9-193A30DDAF23}.Debug|Any CPU.ActiveCfg = Debug|Any CPU
		{56091863-D0C0-4635-81B9-193A30DDAF23}.Debug|Any CPU.Build.0 = Debug|Any CPU
		{56091863-D0C0-4635-81B9-193A30DDAF23}.Release|Any CPU.ActiveCfg = Release|Any CPU
		{56091863-D0C0-4635-81B9-193A30DDAF23}.Release|Any CPU.Build.0 = Release|Any CPU
		{007F2A0C-B4A9-44DF-9E4A-4DD18B9B3471}.Debug|Any CPU.ActiveCfg = Debug|Any CPU
		{007F2A0C-B4A9-44DF-9E4A-4DD18B9B3471}.Debug|Any CPU.Build.0 = Debug|Any CPU
		{007F2A0C-B4A9-44DF-9E4A-4DD18B9B3471}.Release|Any CPU.ActiveCfg = Release|Any CPU
		{007F2A0C-B4A9-44DF-9E4A-4DD18B9B3471}.Release|Any CPU.Build.0 = Release|Any CPU
		{B7B0CA96-CF04-4C6B-9589-CA71D54FC84A}.Debug|Any CPU.ActiveCfg = Debug|Any CPU
		{B7B0CA96-CF04-4C6B-9589-CA71D54FC84A}.Debug|Any CPU.Build.0 = Debug|Any CPU
		{B7B0CA96-CF04-4C6B-9589-CA71D54FC84A}.Release|Any CPU.ActiveCfg = Release|Any CPU
		{B7B0CA96-CF04-4C6B-9589-CA71D54FC84A}.Release|Any CPU.Build.0 = Release|Any CPU
		{84252004-284B-4CC5-9E3F-BC78B38C64C4}.Debug|Any CPU.ActiveCfg = Debug|Any CPU
		{84252004-284B-4CC5-9E3F-BC78B38C64C4}.Debug|Any CPU.Build.0 = Debug|Any CPU
		{84252004-284B-4CC5-9E3F-BC78B38C64C4}.Release|Any CPU.ActiveCfg = Release|Any CPU
		{84252004-284B-4CC5-9E3F-BC78B38C64C4}.Release|Any CPU.Build.0 = Release|Any CPU
		{2CAC7CD2-38AE-4349-A7E5-B33D2D082FFE}.Debug|Any CPU.ActiveCfg = Debug|Any CPU
		{2CAC7CD2-38AE-4349-A7E5-B33D2D082FFE}.Debug|Any CPU.Build.0 = Debug|Any CPU
		{2CAC7CD2-38AE-4349-A7E5-B33D2D082FFE}.Release|Any CPU.ActiveCfg = Release|Any CPU
		{2CAC7CD2-38AE-4349-A7E5-B33D2D082FFE}.Release|Any CPU.Build.0 = Release|Any CPU
		{B6E9C687-8E88-4CCB-AF53-0B9BBB22FFA5}.Debug|Any CPU.ActiveCfg = Debug|Any CPU
		{B6E9C687-8E88-4CCB-AF53-0B9BBB22FFA5}.Debug|Any CPU.Build.0 = Debug|Any CPU
		{B6E9C687-8E88-4CCB-AF53-0B9BBB22FFA5}.Release|Any CPU.ActiveCfg = Release|Any CPU
		{B6E9C687-8E88-4CCB-AF53-0B9BBB22FFA5}.Release|Any CPU.Build.0 = Release|Any CPU
		{FAEF3926-B94C-4168-830E-C8C67E47F327}.Debug|Any CPU.ActiveCfg = Debug|Any CPU
		{FAEF3926-B94C-4168-830E-C8C67E47F327}.Debug|Any CPU.Build.0 = Debug|Any CPU
		{FAEF3926-B94C-4168-830E-C8C67E47F327}.Release|Any CPU.ActiveCfg = Release|Any CPU
		{FAEF3926-B94C-4168-830E-C8C67E47F327}.Release|Any CPU.Build.0 = Release|Any CPU
		{354F4A61-7CA1-4299-ABE9-B8135A82E2A1}.Debug|Any CPU.ActiveCfg = Debug|Any CPU
		{354F4A61-7CA1-4299-ABE9-B8135A82E2A1}.Debug|Any CPU.Build.0 = Debug|Any CPU
		{354F4A61-7CA1-4299-ABE9-B8135A82E2A1}.Release|Any CPU.ActiveCfg = Release|Any CPU
		{354F4A61-7CA1-4299-ABE9-B8135A82E2A1}.Release|Any CPU.Build.0 = Release|Any CPU
		{0B73A2CA-9170-4CD4-90B6-1CE99B5754C1}.Debug|Any CPU.ActiveCfg = Debug|Any CPU
		{0B73A2CA-9170-4CD4-90B6-1CE99B5754C1}.Debug|Any CPU.Build.0 = Debug|Any CPU
		{0B73A2CA-9170-4CD4-90B6-1CE99B5754C1}.Release|Any CPU.ActiveCfg = Release|Any CPU
		{0B73A2CA-9170-4CD4-90B6-1CE99B5754C1}.Release|Any CPU.Build.0 = Release|Any CPU
		{D12F7297-8A96-4ACC-B68C-D9FD4F4B20DC}.Debug|Any CPU.ActiveCfg = Debug|Any CPU
		{D12F7297-8A96-4ACC-B68C-D9FD4F4B20DC}.Debug|Any CPU.Build.0 = Debug|Any CPU
		{D12F7297-8A96-4ACC-B68C-D9FD4F4B20DC}.Release|Any CPU.ActiveCfg = Release|Any CPU
		{D12F7297-8A96-4ACC-B68C-D9FD4F4B20DC}.Release|Any CPU.Build.0 = Release|Any CPU
		{8F33A7BC-2CCC-4982-8920-5339AEF46E88}.Debug|Any CPU.ActiveCfg = Debug|Any CPU
		{8F33A7BC-2CCC-4982-8920-5339AEF46E88}.Debug|Any CPU.Build.0 = Debug|Any CPU
		{8F33A7BC-2CCC-4982-8920-5339AEF46E88}.Release|Any CPU.ActiveCfg = Release|Any CPU
		{8F33A7BC-2CCC-4982-8920-5339AEF46E88}.Release|Any CPU.Build.0 = Release|Any CPU
		{91B418C2-0645-4437-B9B3-7127DF255CFB}.Debug|Any CPU.ActiveCfg = Debug|Any CPU
		{91B418C2-0645-4437-B9B3-7127DF255CFB}.Debug|Any CPU.Build.0 = Debug|Any CPU
		{91B418C2-0645-4437-B9B3-7127DF255CFB}.Release|Any CPU.ActiveCfg = Release|Any CPU
		{91B418C2-0645-4437-B9B3-7127DF255CFB}.Release|Any CPU.Build.0 = Release|Any CPU
		{F36B99EA-AF52-4192-9E26-7673EEF4C821}.Debug|Any CPU.ActiveCfg = Debug|Any CPU
		{F36B99EA-AF52-4192-9E26-7673EEF4C821}.Debug|Any CPU.Build.0 = Debug|Any CPU
		{F36B99EA-AF52-4192-9E26-7673EEF4C821}.Release|Any CPU.ActiveCfg = Release|Any CPU
		{F36B99EA-AF52-4192-9E26-7673EEF4C821}.Release|Any CPU.Build.0 = Release|Any CPU
		{3BD1FFCF-C68A-4180-BF93-165956597419}.Debug|Any CPU.ActiveCfg = Debug|Any CPU
		{3BD1FFCF-C68A-4180-BF93-165956597419}.Debug|Any CPU.Build.0 = Debug|Any CPU
		{3BD1FFCF-C68A-4180-BF93-165956597419}.Release|Any CPU.ActiveCfg = Release|Any CPU
		{3BD1FFCF-C68A-4180-BF93-165956597419}.Release|Any CPU.Build.0 = Release|Any CPU
		{1BE65607-204A-4130-B4F5-211DD735A700}.Debug|Any CPU.ActiveCfg = Debug|Any CPU
		{1BE65607-204A-4130-B4F5-211DD735A700}.Debug|Any CPU.Build.0 = Debug|Any CPU
		{1BE65607-204A-4130-B4F5-211DD735A700}.Release|Any CPU.ActiveCfg = Release|Any CPU
		{1BE65607-204A-4130-B4F5-211DD735A700}.Release|Any CPU.Build.0 = Release|Any CPU
	EndGlobalSection
	GlobalSection(SolutionProperties) = preSolution
		HideSolutionNode = FALSE
	EndGlobalSection
	GlobalSection(NestedProjects) = preSolution
		{DFE0F4CB-3496-4B1B-911F-6D2DAFF5144E} = {E957E878-F7A6-4284-B9EB-D81CF7A2FD97}
		{6C3AE63F-018C-49F8-ABF0-85ABD00E43F5} = {E957E878-F7A6-4284-B9EB-D81CF7A2FD97}
		{E382F3BE-64C7-4517-9013-D9496508C68E} = {E957E878-F7A6-4284-B9EB-D81CF7A2FD97}
		{E2CD5A7D-3043-4D84-B833-69E858910798} = {E957E878-F7A6-4284-B9EB-D81CF7A2FD97}
		{56091863-D0C0-4635-81B9-193A30DDAF23} = {E957E878-F7A6-4284-B9EB-D81CF7A2FD97}
		{007F2A0C-B4A9-44DF-9E4A-4DD18B9B3471} = {E957E878-F7A6-4284-B9EB-D81CF7A2FD97}
		{B7B0CA96-CF04-4C6B-9589-CA71D54FC84A} = {E957E878-F7A6-4284-B9EB-D81CF7A2FD97}
		{84252004-284B-4CC5-9E3F-BC78B38C64C4} = {E957E878-F7A6-4284-B9EB-D81CF7A2FD97}
		{2CAC7CD2-38AE-4349-A7E5-B33D2D082FFE} = {E957E878-F7A6-4284-B9EB-D81CF7A2FD97}
		{B6E9C687-8E88-4CCB-AF53-0B9BBB22FFA5} = {E957E878-F7A6-4284-B9EB-D81CF7A2FD97}
		{354F4A61-7CA1-4299-ABE9-B8135A82E2A1} = {E957E878-F7A6-4284-B9EB-D81CF7A2FD97}
		{0B73A2CA-9170-4CD4-90B6-1CE99B5754C1} = {E957E878-F7A6-4284-B9EB-D81CF7A2FD97}
		{D12F7297-8A96-4ACC-B68C-D9FD4F4B20DC} = {E957E878-F7A6-4284-B9EB-D81CF7A2FD97}
		{8F33A7BC-2CCC-4982-8920-5339AEF46E88} = {E957E878-F7A6-4284-B9EB-D81CF7A2FD97}
		{F36B99EA-AF52-4192-9E26-7673EEF4C821} = {C613E358-8A38-4F17-A4A5-CFCBEEC73B7D}
	EndGlobalSection
	GlobalSection(ExtensibilityGlobals) = postSolution
		SolutionGuid = {075BAA58-197C-43F8-940B-7BFE0B67D909}
	EndGlobalSection
EndGlobal
